// !$*UTF8*$!
{
	archiveVersion = 1;
	classes = {
	};
	objectVersion = 50;
	objects = {

/* Begin PBXBuildFile section */
		DD6CD6A62266D19A00E10C50 /* AppDelegate.m in Sources */ = {isa = PBXBuildFile; fileRef = DD6CD6A52266D19A00E10C50 /* AppDelegate.m */; };
		DD6CD6A92266D19A00E10C50 /* ViewController.m in Sources */ = {isa = PBXBuildFile; fileRef = DD6CD6A82266D19A00E10C50 /* ViewController.m */; };
		DD6CD6AC2266D19A00E10C50 /* Main.storyboard in Resources */ = {isa = PBXBuildFile; fileRef = DD6CD6AA2266D19A00E10C50 /* Main.storyboard */; };
		DD6CD6AE2266D19B00E10C50 /* Assets.xcassets in Resources */ = {isa = PBXBuildFile; fileRef = DD6CD6AD2266D19B00E10C50 /* Assets.xcassets */; };
		DD6CD6B12266D19B00E10C50 /* LaunchScreen.storyboard in Resources */ = {isa = PBXBuildFile; fileRef = DD6CD6AF2266D19B00E10C50 /* LaunchScreen.storyboard */; };
		DD6CD6B42266D19B00E10C50 /* main.m in Sources */ = {isa = PBXBuildFile; fileRef = DD6CD6B32266D19B00E10C50 /* main.m */; };
		DD6CD6BD2266D1C200E10C50 /* HZSegmentalSelectionView.m in Sources */ = {isa = PBXBuildFile; fileRef = DD6CD6BC2266D1C200E10C50 /* HZSegmentalSelectionView.m */; };
/* End PBXBuildFile section */

/* Begin PBXFileReference section */
		DD6CD6A12266D19A00E10C50 /* HZSegmentalSelectionView.app */ = {isa = PBXFileReference; explicitFileType = wrapper.application; includeInIndex = 0; path = HZSegmentalSelectionView.app; sourceTree = BUILT_PRODUCTS_DIR; };
		DD6CD6A42266D19A00E10C50 /* AppDelegate.h */ = {isa = PBXFileReference; lastKnownFileType = sourcecode.c.h; path = AppDelegate.h; sourceTree = "<group>"; };
		DD6CD6A52266D19A00E10C50 /* AppDelegate.m */ = {isa = PBXFileReference; lastKnownFileType = sourcecode.c.objc; path = AppDelegate.m; sourceTree = "<group>"; };
		DD6CD6A72266D19A00E10C50 /* ViewController.h */ = {isa = PBXFileReference; lastKnownFileType = sourcecode.c.h; path = ViewController.h; sourceTree = "<group>"; };
		DD6CD6A82266D19A00E10C50 /* ViewController.m */ = {isa = PBXFileReference; lastKnownFileType = sourcecode.c.objc; path = ViewController.m; sourceTree = "<group>"; };
		DD6CD6AB2266D19A00E10C50 /* Base */ = {isa = PBXFileReference; lastKnownFileType = file.storyboard; name = Base; path = Base.lproj/Main.storyboard; sourceTree = "<group>"; };
		DD6CD6AD2266D19B00E10C50 /* Assets.xcassets */ = {isa = PBXFileReference; lastKnownFileType = folder.assetcatalog; path = Assets.xcassets; sourceTree = "<group>"; };
		DD6CD6B02266D19B00E10C50 /* Base */ = {isa = PBXFileReference; lastKnownFileType = file.storyboard; name = Base; path = Base.lproj/LaunchScreen.storyboard; sourceTree = "<group>"; };
		DD6CD6B22266D19B00E10C50 /* Info.plist */ = {isa = PBXFileReference; lastKnownFileType = text.plist.xml; path = Info.plist; sourceTree = "<group>"; };
		DD6CD6B32266D19B00E10C50 /* main.m */ = {isa = PBXFileReference; lastKnownFileType = sourcecode.c.objc; path = main.m; sourceTree = "<group>"; };
		DD6CD6BB2266D1C200E10C50 /* HZSegmentalSelectionView.h */ = {isa = PBXFileReference; fileEncoding = 4; lastKnownFileType = sourcecode.c.h; path = HZSegmentalSelectionView.h; sourceTree = "<group>"; };
		DD6CD6BC2266D1C200E10C50 /* HZSegmentalSelectionView.m */ = {isa = PBXFileReference; fileEncoding = 4; lastKnownFileType = sourcecode.c.objc; path = HZSegmentalSelectionView.m; sourceTree = "<group>"; };
/* End PBXFileReference section */

/* Begin PBXFrameworksBuildPhase section */
		DD6CD69E2266D19A00E10C50 /* Frameworks */ = {
			isa = PBXFrameworksBuildPhase;
			buildActionMask = 2147483647;
			files = (
			);
			runOnlyForDeploymentPostprocessing = 0;
		};
/* End PBXFrameworksBuildPhase section */

/* Begin PBXGroup section */
		DD6CD6982266D19A00E10C50 = {
			isa = PBXGroup;
			children = (
				DD6CD6A32266D19A00E10C50 /* HZSegmentalSelectionView */,
				DD6CD6A22266D19A00E10C50 /* Products */,
			);
			sourceTree = "<group>";
		};
		DD6CD6A22266D19A00E10C50 /* Products */ = {
			isa = PBXGroup;
			children = (
				DD6CD6A12266D19A00E10C50 /* HZSegmentalSelectionView.app */,
			);
			name = Products;
			sourceTree = "<group>";
		};
		DD6CD6A32266D19A00E10C50 /* HZSegmentalSelectionView */ = {
			isa = PBXGroup;
			children = (
				DD6CD6BA2266D1C200E10C50 /* HZSegmentalSelectionView */,
				DD6CD6A42266D19A00E10C50 /* AppDelegate.h */,
				DD6CD6A52266D19A00E10C50 /* AppDelegate.m */,
				DD6CD6A72266D19A00E10C50 /* ViewController.h */,
				DD6CD6A82266D19A00E10C50 /* ViewController.m */,
				DD6CD6AA2266D19A00E10C50 /* Main.storyboard */,
				DD6CD6AD2266D19B00E10C50 /* Assets.xcassets */,
				DD6CD6AF2266D19B00E10C50 /* LaunchScreen.storyboard */,
				DD6CD6B22266D19B00E10C50 /* Info.plist */,
				DD6CD6B32266D19B00E10C50 /* main.m */,
			);
			path = HZSegmentalSelectionView;
			sourceTree = "<group>";
		};
		DD6CD6BA2266D1C200E10C50 /* HZSegmentalSelectionView */ = {
			isa = PBXGroup;
			children = (
				DD6CD6BB2266D1C200E10C50 /* HZSegmentalSelectionView.h */,
				DD6CD6BC2266D1C200E10C50 /* HZSegmentalSelectionView.m */,
			);
			path = HZSegmentalSelectionView;
			sourceTree = "<group>";
		};
/* End PBXGroup section */

/* Begin PBXNativeTarget section */
		DD6CD6A02266D19A00E10C50 /* HZSegmentalSelectionView */ = {
			isa = PBXNativeTarget;
			buildConfigurationList = DD6CD6B72266D19B00E10C50 /* Build configuration list for PBXNativeTarget "HZSegmentalSelectionView" */;
			buildPhases = (
				DD6CD69D2266D19A00E10C50 /* Sources */,
				DD6CD69E2266D19A00E10C50 /* Frameworks */,
				DD6CD69F2266D19A00E10C50 /* Resources */,
			);
			buildRules = (
			);
			dependencies = (
			);
			name = HZSegmentalSelectionView;
			productName = HZSegmentalSelectionView;
			productReference = DD6CD6A12266D19A00E10C50 /* HZSegmentalSelectionView.app */;
			productType = "com.apple.product-type.application";
		};
/* End PBXNativeTarget section */

/* Begin PBXProject section */
		DD6CD6992266D19A00E10C50 /* Project object */ = {
			isa = PBXProject;
			attributes = {
				LastUpgradeCheck = 1020;
				ORGANIZATIONNAME = yongdaoyun;
				TargetAttributes = {
					DD6CD6A02266D19A00E10C50 = {
						CreatedOnToolsVersion = 10.2;
					};
				};
			};
			buildConfigurationList = DD6CD69C2266D19A00E10C50 /* Build configuration list for PBXProject "HZSegmentalSelectionView" */;
			compatibilityVersion = "Xcode 9.3";
			developmentRegion = en;
			hasScannedForEncodings = 0;
			knownRegions = (
				en,
				Base,
			);
			mainGroup = DD6CD6982266D19A00E10C50;
			productRefGroup = DD6CD6A22266D19A00E10C50 /* Products */;
			projectDirPath = "";
			projectRoot = "";
			targets = (
				DD6CD6A02266D19A00E10C50 /* HZSegmentalSelectionView */,
			);
		};
/* End PBXProject section */

/* Begin PBXResourcesBuildPhase section */
		DD6CD69F2266D19A00E10C50 /* Resources */ = {
			isa = PBXResourcesBuildPhase;
			buildActionMask = 2147483647;
			files = (
				DD6CD6B12266D19B00E10C50 /* LaunchScreen.storyboard in Resources */,
				DD6CD6AE2266D19B00E10C50 /* Assets.xcassets in Resources */,
				DD6CD6AC2266D19A00E10C50 /* Main.storyboard in Resources */,
			);
			runOnlyForDeploymentPostprocessing = 0;
		};
/* End PBXResourcesBuildPhase section */

/* Begin PBXSourcesBuildPhase section */
		DD6CD69D2266D19A00E10C50 /* Sources */ = {
			isa = PBXSourcesBuildPhase;
			buildActionMask = 2147483647;
			files = (
				DD6CD6BD2266D1C200E10C50 /* HZSegmentalSelectionView.m in Sources */,
				DD6CD6A92266D19A00E10C50 /* ViewController.m in Sources */,
				DD6CD6B42266D19B00E10C50 /* main.m in Sources */,
				DD6CD6A62266D19A00E10C50 /* AppDelegate.m in Sources */,
			);
			runOnlyForDeploymentPostprocessing = 0;
		};
/* End PBXSourcesBuildPhase section */

/* Begin PBXVariantGroup section */
		DD6CD6AA2266D19A00E10C50 /* Main.storyboard */ = {
			isa = PBXVariantGroup;
			children = (
				DD6CD6AB2266D19A00E10C50 /* Base */,
			);
			name = Main.storyboard;
			sourceTree = "<group>";
		};
		DD6CD6AF2266D19B00E10C50 /* LaunchScreen.storyboard */ = {
			isa = PBXVariantGroup;
			children = (
				DD6CD6B02266D19B00E10C50 /* Base */,
			);
			name = LaunchScreen.storyboard;
			sourceTree = "<group>";
		};
/* End PBXVariantGroup section */

/* Begin XCBuildConfiguration section */
		DD6CD6B52266D19B00E10C50 /* Debug */ = {
			isa = XCBuildConfiguration;
			buildSettings = {
				ALWAYS_SEARCH_USER_PATHS = NO;
				CLANG_ANALYZER_NONNULL = YES;
				CLANG_ANALYZER_NUMBER_OBJECT_CONVERSION = YES_AGGRESSIVE;
				CLANG_CXX_LANGUAGE_STANDARD = "gnu++14";
				CLANG_CXX_LIBRARY = "libc++";
				CLANG_ENABLE_MODULES = YES;
				CLANG_ENABLE_OBJC_ARC = YES;
				CLANG_ENABLE_OBJC_WEAK = YES;
				CLANG_WARN_BLOCK_CAPTURE_AUTORELEASING = YES;
				CLANG_WARN_BOOL_CONVERSION = YES;
				CLANG_WARN_COMMA = YES;
				CLANG_WARN_CONSTANT_CONVERSION = YES;
				CLANG_WARN_DEPRECATED_OBJC_IMPLEMENTATIONS = YES;
				CLANG_WARN_DIRECT_OBJC_ISA_USAGE = YES_ERROR;
				CLANG_WARN_DOCUMENTATION_COMMENTS = YES;
				CLANG_WARN_EMPTY_BODY = YES;
				CLANG_WARN_ENUM_CONVERSION = YES;
				CLANG_WARN_INFINITE_RECURSION = YES;
				CLANG_WARN_INT_CONVERSION = YES;
				CLANG_WARN_NON_LITERAL_NULL_CONVERSION = YES;
				CLANG_WARN_OBJC_IMPLICIT_RETAIN_SELF = YES;
				CLANG_WARN_OBJC_LITERAL_CONVERSION = YES;
				CLANG_WARN_OBJC_ROOT_CLASS = YES_ERROR;
				CLANG_WARN_RANGE_LOOP_ANALYSIS = YES;
				CLANG_WARN_STRICT_PROTOTYPES = YES;
				CLANG_WARN_SUSPICIOUS_MOVE = YES;
				CLANG_WARN_UNGUARDED_AVAILABILITY = YES_AGGRESSIVE;
				CLANG_WARN_UNREACHABLE_CODE = YES;
				CLANG_WARN__DUPLICATE_METHOD_MATCH = YES;
				CODE_SIGN_IDENTITY = "iPhone Developer";
				COPY_PHASE_STRIP = NO;
				DEBUG_INFORMATION_FORMAT = dwarf;
				ENABLE_STRICT_OBJC_MSGSEND = YES;
				ENABLE_TESTABILITY = YES;
				GCC_C_LANGUAGE_STANDARD = gnu11;
				GCC_DYNAMIC_NO_PIC = NO;
				GCC_NO_COMMON_BLOCKS = YES;
				GCC_OPTIMIZATION_LEVEL = 0;
				GCC_PREPROCESSOR_DEFINITIONS = (
					"DEBUG=1",
					"$(inherited)",
				);
				GCC_WARN_64_TO_32_BIT_CONVERSION = YES;
				GCC_WARN_ABOUT_RETURN_TYPE = YES_ERROR;
				GCC_WARN_UNDECLARED_SELECTOR = YES;
				GCC_WARN_UNINITIALIZED_AUTOS = YES_AGGRESSIVE;
				GCC_WARN_UNUSED_FUNCTION = YES;
				GCC_WARN_UNUSED_VARIABLE = YES;
				IPHONEOS_DEPLOYMENT_TARGET = 12.2;
				MTL_ENABLE_DEBUG_INFO = INCLUDE_SOURCE;
				MTL_FAST_MATH = YES;
				ONLY_ACTIVE_ARCH = YES;
				SDKROOT = iphoneos;
			};
			name = Debug;
		};
		DD6CD6B62266D19B00E10C50 /* Release */ = {
			isa = XCBuildConfiguration;
			buildSettings = {
				ALWAYS_SEARCH_USER_PATHS = NO;
				CLANG_ANALYZER_NONNULL = YES;
				CLANG_ANALYZER_NUMBER_OBJECT_CONVERSION = YES_AGGRESSIVE;
				CLANG_CXX_LANGUAGE_STANDARD = "gnu++14";
				CLANG_CXX_LIBRARY = "libc++";
				CLANG_ENABLE_MODULES = YES;
				CLANG_ENABLE_OBJC_ARC = YES;
				CLANG_ENABLE_OBJC_WEAK = YES;
				CLANG_WARN_BLOCK_CAPTURE_AUTORELEASING = YES;
				CLANG_WARN_BOOL_CONVERSION = YES;
				CLANG_WARN_COMMA = YES;
				CLANG_WARN_CONSTANT_CONVERSION = YES;
				CLANG_WARN_DEPRECATED_OBJC_IMPLEMENTATIONS = YES;
				CLANG_WARN_DIRECT_OBJC_ISA_USAGE = YES_ERROR;
				CLANG_WARN_DOCUMENTATION_COMMENTS = YES;
				CLANG_WARN_EMPTY_BODY = YES;
				CLANG_WARN_ENUM_CONVERSION = YES;
				CLANG_WARN_INFINITE_RECURSION = YES;
				CLANG_WARN_INT_CONVERSION = YES;
				CLANG_WARN_NON_LITERAL_NULL_CONVERSION = YES;
				CLANG_WARN_OBJC_IMPLICIT_RETAIN_SELF = YES;
				CLANG_WARN_OBJC_LITERAL_CONVERSION = YES;
				CLANG_WARN_OBJC_ROOT_CLASS = YES_ERROR;
				CLANG_WARN_RANGE_LOOP_ANALYSIS = YES;
				CLANG_WARN_STRICT_PROTOTYPES = YES;
				CLANG_WARN_SUSPICIOUS_MOVE = YES;
				CLANG_WARN_UNGUARDED_AVAILABILITY = YES_AGGRESSIVE;
				CLANG_WARN_UNREACHABLE_CODE = YES;
				CLANG_WARN__DUPLICATE_METHOD_MATCH = YES;
				CODE_SIGN_IDENTITY = "iPhone Developer";
				COPY_PHASE_STRIP = NO;
				DEBUG_INFORMATION_FORMAT = "dwarf-with-dsym";
				ENABLE_NS_ASSERTIONS = NO;
				ENABLE_STRICT_OBJC_MSGSEND = YES;
				GCC_C_LANGUAGE_STANDARD = gnu11;
				GCC_NO_COMMON_BLOCKS = YES;
				GCC_WARN_64_TO_32_BIT_CONVERSION = YES;
				GCC_WARN_ABOUT_RETURN_TYPE = YES_ERROR;
				GCC_WARN_UNDECLARED_SELECTOR = YES;
				GCC_WARN_UNINITIALIZED_AUTOS = YES_AGGRESSIVE;
				GCC_WARN_UNUSED_FUNCTION = YES;
				GCC_WARN_UNUSED_VARIABLE = YES;
				IPHONEOS_DEPLOYMENT_TARGET = 12.2;
				MTL_ENABLE_DEBUG_INFO = NO;
				MTL_FAST_MATH = YES;
				SDKROOT = iphoneos;
				VALIDATE_PRODUCT = YES;
			};
			name = Release;
		};
		DD6CD6B82266D19B00E10C50 /* Debug */ = {
			isa = XCBuildConfiguration;
			buildSettings = {
				ASSETCATALOG_COMPILER_APPICON_NAME = AppIcon;
				CODE_SIGN_STYLE = Automatic;
				DEVELOPMENT_TEAM = 75UTKDJ2KZ;
				INFOPLIST_FILE = HZSegmentalSelectionView/Info.plist;
				LD_RUNPATH_SEARCH_PATHS = (
					"$(inherited)",
					"@executable_path/Frameworks",
				);
				PRODUCT_BUNDLE_IDENTIFIER = com.yongdaoyun.HZSegmentalSelectionView;
				PRODUCT_NAME = "$(TARGET_NAME)";
				TARGETED_DEVICE_FAMILY = "1,2";
			};
			name = Debug;
		};
		DD6CD6B92266D19B00E10C50 /* Release */ = {
			isa = XCBuildConfiguration;
			buildSettings = {
				ASSETCATALOG_COMPILER_APPICON_NAME = AppIcon;
				CODE_SIGN_STYLE = Automatic;
				DEVELOPMENT_TEAM = 75UTKDJ2KZ;
				INFOPLIST_FILE = HZSegmentalSelectionView/Info.plist;
				LD_RUNPATH_SEARCH_PATHS = (
					"$(inherited)",
					"@executable_path/Frameworks",
				);
				PRODUCT_BUNDLE_IDENTIFIER = com.yongdaoyun.HZSegmentalSelectionView;
				PRODUCT_NAME = "$(TARGET_NAME)";
				TARGETED_DEVICE_FAMILY = "1,2";
			};
			name = Release;
		};
/* End XCBuildConfiguration section */

/* Begin XCConfigurationList section */
		DD6CD69C2266D19A00E10C50 /* Build configuration list for PBXProject "HZSegmentalSelectionView" */ = {
			isa = XCConfigurationList;
			buildConfigurations = (
				DD6CD6B52266D19B00E10C50 /* Debug */,
				DD6CD6B62266D19B00E10C50 /* Release */,
			);
			defaultConfigurationIsVisible = 0;
			defaultConfigurationName = Release;
		};
		DD6CD6B72266D19B00E10C50 /* Build configuration list for PBXNativeTarget "HZSegmentalSelectionView" */ = {
			isa = XCConfigurationList;
			buildConfigurations = (
				DD6CD6B82266D19B00E10C50 /* Debug */,
				DD6CD6B92266D19B00E10C50 /* Release */,
			);
			defaultConfigurationIsVisible = 0;
			defaultConfigurationName = Release;
		};
/* End XCConfigurationList section */
	};
	rootObject = DD6CD6992266D19A00E10C50 /* Project object */;
}
